
Microsoft Visual Studio Solution File, Format Version 12.00
# Visual Studio Version 16
VisualStudioVersion = 16.0.29728.190
MinimumVisualStudioVersion = 10.0.40219.1
Project("{FAE04EC0-301F-11D3-BF4B-00C04F79EFBC}") = "FootballManager", "FootballManager\FootballManager.csproj", "{65E0F83A-DBE8-46D1-A4AF-1567CF808FDD}"
EndProject
Global
	GlobalSection(SolutionConfigurationPlatforms) = preSolution
		Debug|Any CPU = Debug|Any CPU
		Release|Any CPU = Release|Any CPU
	EndGlobalSection
	GlobalSection(ProjectConfigurationPlatforms) = postSolution
		{65E0F83A-DBE8-46D1-A4AF-1567CF808FDD}.Debug|Any CPU.ActiveCfg = Debug|Any CPU
		{65E0F83A-DBE8-46D1-A4AF-1567CF808FDD}.Debug|Any CPU.Build.0 = Debug|Any CPU
		{65E0F83A-DBE8-46D1-A4AF-1567CF808FDD}.Release|Any CPU.ActiveCfg = Release|Any CPU
		{65E0F83A-DBE8-46D1-A4AF-1567CF808FDD}.Release|Any CPU.Build.0 = Release|Any CPU
	EndGlobalSection
	GlobalSection(SolutionProperties) = preSolution
		HideSolutionNode = FALSE
	EndGlobalSection
	GlobalSection(ExtensibilityGlobals) = postSolution
		SolutionGuid = {B0379869-67D5-4E33-A849-FB6CE105F223}
	EndGlobalSection
EndGlobal
